
Microsoft Visual Studio Solution File, Format Version 12.00
# Visual Studio 15
VisualStudioVersion = 15.0.27703.2047
MinimumVisualStudioVersion = 10.0.40219.1
Project("{8BC9CEB8-8B4A-11D0-8D11-00A0C91BC942}") = "Daejeon_Bus", "Daejeon_Bus.vcxproj", "{30309F4D-F3D3-436F-BC07-4BFBBCB49C7D}"
EndProject
Global
	GlobalSection(SolutionConfigurationPlatforms) = preSolution
		Debug|x86 = Debug|x86
		Release|x86 = Release|x86
	EndGlobalSection
	GlobalSection(ProjectConfigurationPlatforms) = postSolution
		{30309F4D-F3D3-436F-BC07-4BFBBCB49C7D}.Debug|x86.ActiveCfg = Debug|Win32
		{30309F4D-F3D3-436F-BC07-4BFBBCB49C7D}.Debug|x86.Build.0 = Debug|Win32
		{30309F4D-F3D3-436F-BC07-4BFBBCB49C7D}.Release|x86.ActiveCfg = Release|Win32
		{30309F4D-F3D3-436F-BC07-4BFBBCB49C7D}.Release|x86.Build.0 = Release|Win32
	EndGlobalSection
	GlobalSection(SolutionProperties) = preSolution
		HideSolutionNode = FALSE
	EndGlobalSection
	GlobalSection(ExtensibilityGlobals) = postSolution
		SolutionGuid = {153CB512-0322-45C1-AF84-D3ECB684FA12}
	EndGlobalSection
EndGlobal
